
Microsoft Visual Studio Solution File, Format Version 12.00
# Visual Studio Version 17
VisualStudioVersion = 17.8.34330.188
MinimumVisualStudioVersion = 10.0.40219.1
Project("{FAE04EC0-301F-11D3-BF4B-00C04F79EFBC}") = "DisneyBattle.WebAPI", "DisneyBattle.WebAPI\DisneyBattle.WebAPI.csproj", "{CC168510-DF4C-465B-A358-B4EE7EF5E190}"
EndProject
Project("{FAE04EC0-301F-11D3-BF4B-00C04F79EFBC}") = "DisneyBattle.Interfaces", "DisneyBattle.Interfaces\DisneyBattle.Interfaces.csproj", "{703801A0-5301-4DD0-9DE0-48F35C30B007}"
EndProject
Project("{FAE04EC0-301F-11D3-BF4B-00C04F79EFBC}") = "DisneyBattle.Blazor", "DisneyBattle.Blazor\DisneyBattle.Blazor.csproj", "{B1C3465E-3307-4AA0-AF3F-48B6CB51C670}"
EndProject
Global
	GlobalSection(SolutionConfigurationPlatforms) = preSolution
		Debug|Any CPU = Debug|Any CPU
		Release|Any CPU = Release|Any CPU
	EndGlobalSection
	GlobalSection(ProjectConfigurationPlatforms) = postSolution
		{CC168510-DF4C-465B-A358-B4EE7EF5E190}.Debug|Any CPU.ActiveCfg = Debug|Any CPU
		{CC168510-DF4C-465B-A358-B4EE7EF5E190}.Debug|Any CPU.Build.0 = Debug|Any CPU
		{CC168510-DF4C-465B-A358-B4EE7EF5E190}.Release|Any CPU.ActiveCfg = Release|Any CPU
		{CC168510-DF4C-465B-A358-B4EE7EF5E190}.Release|Any CPU.Build.0 = Release|Any CPU
		{703801A0-5301-4DD0-9DE0-48F35C30B007}.Debug|Any CPU.ActiveCfg = Debug|Any CPU
		{703801A0-5301-4DD0-9DE0-48F35C30B007}.Debug|Any CPU.Build.0 = Debug|Any CPU
		{703801A0-5301-4DD0-9DE0-48F35C30B007}.Release|Any CPU.ActiveCfg = Release|Any CPU
		{703801A0-5301-4DD0-9DE0-48F35C30B007}.Release|Any CPU.Build.0 = Release|Any CPU
		{B1C3465E-3307-4AA0-AF3F-48B6CB51C670}.Debug|Any CPU.ActiveCfg = Debug|Any CPU
		{B1C3465E-3307-4AA0-AF3F-48B6CB51C670}.Debug|Any CPU.Build.0 = Debug|Any CPU
		{B1C3465E-3307-4AA0-AF3F-48B6CB51C670}.Release|Any CPU.ActiveCfg = Release|Any CPU
		{B1C3465E-3307-4AA0-AF3F-48B6CB51C670}.Release|Any CPU.Build.0 = Release|Any CPU
	EndGlobalSection
	GlobalSection(SolutionProperties) = preSolution
		HideSolutionNode = FALSE
	EndGlobalSection
	GlobalSection(ExtensibilityGlobals) = postSolution
		SolutionGuid = {6CF9510A-4CD1-4B10-9BFA-25254649D9C8}
	EndGlobalSection
EndGlobal
